
Microsoft Visual Studio Solution File, Format Version 12.00
# Visual Studio Version 17
VisualStudioVersion = 17.5.002.0
MinimumVisualStudioVersion = 10.0.40219.1
Project("{2150E333-8FDC-42A3-9474-1A3956D46DE8}") = "Tests", "Tests", "{02088FF8-C57A-41D2-B1C0-88826EEAFEAE}"
EndProject
Project("{2150E333-8FDC-42A3-9474-1A3956D46DE8}") = "Advent", "Advent", "{8C7237E2-D398-49BD-A078-205801248684}"
EndProject
Project("{FAE04EC0-301F-11D3-BF4B-00C04F79EFBC}") = "AOC2023", "src\AOC2023\AOC2023.csproj", "{3D47A926-663C-45FD-909C-0FB2B1D56899}"
EndProject
Project("{FAE04EC0-301F-11D3-BF4B-00C04F79EFBC}") = "AOC2023.Tests", "src\AOC2023.Tests\AOC2023.Tests.csproj", "{BFF37EB3-9E45-4FDC-BF73-97D69352D8AD}"
EndProject
Global
	GlobalSection(SolutionConfigurationPlatforms) = preSolution
		Debug|Any CPU = Debug|Any CPU
		Release|Any CPU = Release|Any CPU
	EndGlobalSection
	GlobalSection(ProjectConfigurationPlatforms) = postSolution
		{3D47A926-663C-45FD-909C-0FB2B1D56899}.Debug|Any CPU.ActiveCfg = Debug|Any CPU
		{3D47A926-663C-45FD-909C-0FB2B1D56899}.Debug|Any CPU.Build.0 = Debug|Any CPU
		{3D47A926-663C-45FD-909C-0FB2B1D56899}.Release|Any CPU.ActiveCfg = Release|Any CPU
		{3D47A926-663C-45FD-909C-0FB2B1D56899}.Release|Any CPU.Build.0 = Release|Any CPU
		{BFF37EB3-9E45-4FDC-BF73-97D69352D8AD}.Debug|Any CPU.ActiveCfg = Debug|Any CPU
		{BFF37EB3-9E45-4FDC-BF73-97D69352D8AD}.Debug|Any CPU.Build.0 = Debug|Any CPU
		{BFF37EB3-9E45-4FDC-BF73-97D69352D8AD}.Release|Any CPU.ActiveCfg = Release|Any CPU
		{BFF37EB3-9E45-4FDC-BF73-97D69352D8AD}.Release|Any CPU.Build.0 = Release|Any CPU
	EndGlobalSection
	GlobalSection(SolutionProperties) = preSolution
		HideSolutionNode = FALSE
	EndGlobalSection
	GlobalSection(ExtensibilityGlobals) = postSolution
		SolutionGuid = {EA1B83CE-2133-4763-A8E3-4250708AB16F}
	EndGlobalSection
	GlobalSection(NestedProjects) = preSolution
		{3D47A926-663C-45FD-909C-0FB2B1D56899} = {8C7237E2-D398-49BD-A078-205801248684}
		{BFF37EB3-9E45-4FDC-BF73-97D69352D8AD} = {02088FF8-C57A-41D2-B1C0-88826EEAFEAE}
	EndGlobalSection
EndGlobal
